<?xml version="1.0" encoding="utf-8"?>
<Project ToolsVersion="4.0" xmlns="http://schemas.microsoft.com/developer/msbuild/2003">
  <ItemGroup>
    <Filter Include="Source Files">
      <UniqueIdentifier>{4FC737F1-C7A5-4376-A066-2A32D752A2FF}</UniqueIdentifier>
      <Extensions>cpp;c;cc;cxx;def;odl;idl;hpj;bat;asm;asmx</Extensions>
    </Filter>
    <Filter Include="Engine">
      <UniqueIdentifier>{4b090dba-410d-421e-bd76-66091bfba353}</UniqueIdentifier>
    </Filter>
    <Filter Include="Source Files\States">
      <UniqueIdentifier>{3ea99785-3b44-48b3-8b8c-59d3f0ca6819}</UniqueIdentifier>
    </Filter>
  </ItemGroup>
  <ItemGroup>
    <ClCompile Include="main.cpp">
      <Filter>Source Files</Filter>
    </ClCompile>
    <ClCompile Include="Engine\Animation.cpp">
      <Filter>Engine</Filter>
    </ClCompile>
    <ClCompile Include="Engine\Camera.cpp">
      <Filter>Engine</Filter>
    </ClCompile>
    <ClCompile Include="Engine\Collider.cpp">
      <Filter>Engine</Filter>
    </ClCompile>
    <ClCompile Include="Engine\CollisionHandler.cpp">
      <Filter>Engine</Filter>
    </ClCompile>
    <ClCompile Include="Engine\Engine.cpp">
      <Filter>Engine</Filter>
    </ClCompile>
    <ClCompile Include="Engine\GameObject.cpp">
      <Filter>Engine</Filter>
    </ClCompile>
    <ClCompile Include="Engine\InputHandler.cpp">
      <Filter>Engine</Filter>
    </ClCompile>
    <ClCompile Include="Engine\Map.cpp">
      <Filter>Engine</Filter>
    </ClCompile>
    <ClCompile Include="Engine\MapParser.cpp">
      <Filter>Engine</Filter>
    </ClCompile>
    <ClCompile Include="Engine\Point.cpp">
      <Filter>Engine</Filter>
    </ClCompile>
    <ClCompile Include="Engine\TextureManager.cpp">
      <Filter>Engine</Filter>
    </ClCompile>
    <ClCompile Include="Engine\TileLayer.cpp">
      <Filter>Engine</Filter>
    </ClCompile>
    <ClCompile Include="Engine\Timer.cpp">
      <Filter>Engine</Filter>
    </ClCompile>
    <ClCompile Include="Engine\tinystr.cpp">
      <Filter>Engine</Filter>
    </ClCompile>
    <ClCompile Include="Engine\tinyxml.cpp">
      <Filter>Engine</Filter>
    </ClCompile>
    <ClCompile Include="Engine\tinyxmlerror.cpp">
      <Filter>Engine</Filter>
    </ClCompile>
    <ClCompile Include="Engine\tinyxmlparser.cpp">
      <Filter>Engine</Filter>
    </ClCompile>
    <ClCompile Include="Engine\GameState.cpp">
      <Filter>Engine</Filter>
    </ClCompile>
    <ClCompile Include="Engine\GameStateManager.cpp">
      <Filter>Engine</Filter>
    </ClCompile>
    <ClCompile Include="MainMenuState.cpp">
      <Filter>Source Files\States</Filter>
    </ClCompile>
    <ClCompile Include="Engine\Button.cpp">
      <Filter>Engine</Filter>
    </ClCompile>
    <ClCompile Include="Engine\Sound.cpp">
      <Filter>Engine</Filter>
    </ClCompile>
    <ClCompile Include="Engine\Music.cpp">
      <Filter>Engine</Filter>
    </ClCompile>
    <ClCompile Include="PlayState.cpp">
      <Filter>Source Files\States</Filter>
    </ClCompile>
    <ClCompile Include="Player.cpp">
      <Filter>Source Files</Filter>
    </ClCompile>
    <ClCompile Include="Bombs.cpp">
      <Filter>Source Files</Filter>
    </ClCompile>
    <ClCompile Include="GameOverState.cpp">
      <Filter>Source Files</Filter>
    </ClCompile>
    <ClCompile Include="Goal.cpp">
      <Filter>Source Files</Filter>
    </ClCompile>
  </ItemGroup>
  <ItemGroup>
    <ClInclude Include="Engine\Animation.h">
      <Filter>Engine</Filter>
    </ClInclude>
    <ClInclude Include="Engine\Camera.h">
      <Filter>Engine</Filter>
    </ClInclude>
    <ClInclude Include="Engine\Collider.h">
      <Filter>Engine</Filter>
    </ClInclude>
    <ClInclude Include="Engine\CollisionHandler.h">
      <Filter>Engine</Filter>
    </ClInclude>
    <ClInclude Include="Engine\Engine.h">
      <Filter>Engine</Filter>
    </ClInclude>
    <ClInclude Include="Engine\GameObject.h">
      <Filter>Engine</Filter>
    </ClInclude>
    <ClInclude Include="Engine\InputHandler.h">
      <Filter>Engine</Filter>
    </ClInclude>
    <ClInclude Include="Engine\Layer.h">
      <Filter>Engine</Filter>
    </ClInclude>
    <ClInclude Include="Engine\Map.h">
      <Filter>Engine</Filter>
    </ClInclude>
    <ClInclude Include="Engine\MapParser.h">
      <Filter>Engine</Filter>
    </ClInclude>
    <ClInclude Include="Engine\Point.h">
      <Filter>Engine</Filter>
    </ClInclude>
    <ClInclude Include="Engine\RigidBody.h">
      <Filter>Engine</Filter>
    </ClInclude>
    <ClInclude Include="Engine\TextureManager.h">
      <Filter>Engine</Filter>
    </ClInclude>
    <ClInclude Include="Engine\TileLayer.h">
      <Filter>Engine</Filter>
    </ClInclude>
    <ClInclude Include="Engine\Timer.h">
      <Filter>Engine</Filter>
    </ClInclude>
    <ClInclude Include="Engine\tinystr.h">
      <Filter>Engine</Filter>
    </ClInclude>
    <ClInclude Include="Engine\tinyxml.h">
      <Filter>Engine</Filter>
    </ClInclude>
    <ClInclude Include="Engine\GameStateManager.h">
      <Filter>Engine</Filter>
    </ClInclude>
    <ClInclude Include="Engine\GameState.h">
      <Filter>Engine</Filter>
    </ClInclude>
    <ClInclude Include="MainMenuState.h">
      <Filter>Source Files\States</Filter>
    </ClInclude>
    <ClInclude Include="Engine\Button.h">
      <Filter>Engine</Filter>
    </ClInclude>
    <ClInclude Include="Engine\Sound.h">
      <Filter>Engine</Filter>
    </ClInclude>
    <ClInclude Include="Engine\Music.h">
      <Filter>Engine</Filter>
    </ClInclude>
    <ClInclude Include="PlayState.h">
      <Filter>Source Files\States</Filter>
    </ClInclude>
    <ClInclude Include="Player.h">
      <Filter>Source Files</Filter>
    </ClInclude>
    <ClInclude Include="Bombs.h">
      <Filter>Source Files</Filter>
    </ClInclude>
    <ClInclude Include="GameOverState.h" />
    <ClInclude Include="Goal.h" />
  </ItemGroup>
</Project>